// !$*UTF8*$!
{
	archiveVersion = 1;
	classes = {
	};
	objectVersion = 50;
	objects = {

/* Begin PBXBuildFile section */
		A063F01D23C16025001A43B5 /* AppDelegate.swift in Sources */ = {isa = PBXBuildFile; fileRef = A063F01C23C16025001A43B5 /* AppDelegate.swift */; };
		A063F01F23C16025001A43B5 /* GameScene.sks in Resources */ = {isa = PBXBuildFile; fileRef = A063F01E23C16025001A43B5 /* GameScene.sks */; };
		A063F02123C16025001A43B5 /* Actions.sks in Resources */ = {isa = PBXBuildFile; fileRef = A063F02023C16025001A43B5 /* Actions.sks */; };
		A063F02323C16025001A43B5 /* GameScene.swift in Sources */ = {isa = PBXBuildFile; fileRef = A063F02223C16025001A43B5 /* GameScene.swift */; };
		A063F02523C16025001A43B5 /* GameViewController.swift in Sources */ = {isa = PBXBuildFile; fileRef = A063F02423C16025001A43B5 /* GameViewController.swift */; };
		A063F02823C16025001A43B5 /* Main.storyboard in Resources */ = {isa = PBXBuildFile; fileRef = A063F02623C16025001A43B5 /* Main.storyboard */; };
		A063F02A23C16026001A43B5 /* Assets.xcassets in Resources */ = {isa = PBXBuildFile; fileRef = A063F02923C16026001A43B5 /* Assets.xcassets */; };
		A063F02D23C16026001A43B5 /* LaunchScreen.storyboard in Resources */ = {isa = PBXBuildFile; fileRef = A063F02B23C16026001A43B5 /* LaunchScreen.storyboard */; };
/* End PBXBuildFile section */

/* Begin PBXFileReference section */
		A063F01923C16025001A43B5 /* Snake.app */ = {isa = PBXFileReference; explicitFileType = wrapper.application; includeInIndex = 0; path = Snake.app; sourceTree = BUILT_PRODUCTS_DIR; };
		A063F01C23C16025001A43B5 /* AppDelegate.swift */ = {isa = PBXFileReference; lastKnownFileType = sourcecode.swift; path = AppDelegate.swift; sourceTree = "<group>"; };
		A063F01E23C16025001A43B5 /* GameScene.sks */ = {isa = PBXFileReference; lastKnownFileType = file.sks; path = GameScene.sks; sourceTree = "<group>"; };
		A063F02023C16025001A43B5 /* Actions.sks */ = {isa = PBXFileReference; lastKnownFileType = file.sks; path = Actions.sks; sourceTree = "<group>"; };
		A063F02223C16025001A43B5 /* GameScene.swift */ = {isa = PBXFileReference; lastKnownFileType = sourcecode.swift; path = GameScene.swift; sourceTree = "<group>"; };
		A063F02423C16025001A43B5 /* GameViewController.swift */ = {isa = PBXFileReference; lastKnownFileType = sourcecode.swift; path = GameViewController.swift; sourceTree = "<group>"; };
		A063F02723C16025001A43B5 /* Base */ = {isa = PBXFileReference; lastKnownFileType = file.storyboard; name = Base; path = Base.lproj/Main.storyboard; sourceTree = "<group>"; };
		A063F02923C16026001A43B5 /* Assets.xcassets */ = {isa = PBXFileReference; lastKnownFileType = folder.assetcatalog; path = Assets.xcassets; sourceTree = "<group>"; };
		A063F02C23C16026001A43B5 /* Base */ = {isa = PBXFileReference; lastKnownFileType = file.storyboard; name = Base; path = Base.lproj/LaunchScreen.storyboard; sourceTree = "<group>"; };
		A063F02E23C16026001A43B5 /* Info.plist */ = {isa = PBXFileReference; lastKnownFileType = text.plist.xml; path = Info.plist; sourceTree = "<group>"; };
/* End PBXFileReference section */

/* Begin PBXFrameworksBuildPhase section */
		A063F01623C16025001A43B5 /* Frameworks */ = {
			isa = PBXFrameworksBuildPhase;
			buildActionMask = 2147483647;
			files = (
			);
			runOnlyForDeploymentPostprocessing = 0;
		};
/* End PBXFrameworksBuildPhase section */

/* Begin PBXGroup section */
		A063F01023C16025001A43B5 = {
			isa = PBXGroup;
			children = (
				A063F01B23C16025001A43B5 /* Snake */,
				A063F01A23C16025001A43B5 /* Products */,
			);
			sourceTree = "<group>";
		};
		A063F01A23C16025001A43B5 /* Products */ = {
			isa = PBXGroup;
			children = (
				A063F01923C16025001A43B5 /* Snake.app */,
			);
			name = Products;
			sourceTree = "<group>";
		};
		A063F01B23C16025001A43B5 /* Snake */ = {
			isa = PBXGroup;
			children = (
				A063F01C23C16025001A43B5 /* AppDelegate.swift */,
				A063F01E23C16025001A43B5 /* GameScene.sks */,
				A063F02023C16025001A43B5 /* Actions.sks */,
				A063F02223C16025001A43B5 /* GameScene.swift */,
				A063F02423C16025001A43B5 /* GameViewController.swift */,
				A063F02623C16025001A43B5 /* Main.storyboard */,
				A063F02923C16026001A43B5 /* Assets.xcassets */,
				A063F02B23C16026001A43B5 /* LaunchScreen.storyboard */,
				A063F02E23C16026001A43B5 /* Info.plist */,
			);
			path = Snake;
			sourceTree = "<group>";
		};
/* End PBXGroup section */

/* Begin PBXNativeTarget section */
		A063F01823C16025001A43B5 /* Snake */ = {
			isa = PBXNativeTarget;
			buildConfigurationList = A063F03123C16026001A43B5 /* Build configuration list for PBXNativeTarget "Snake" */;
			buildPhases = (
				A063F01523C16025001A43B5 /* Sources */,
				A063F01623C16025001A43B5 /* Frameworks */,
				A063F01723C16025001A43B5 /* Resources */,
			);
			buildRules = (
			);
			dependencies = (
			);
			name = Snake;
			productName = Snake;
			productReference = A063F01923C16025001A43B5 /* Snake.app */;
			productType = "com.apple.product-type.application";
		};
/* End PBXNativeTarget section */

/* Begin PBXProject section */
		A063F01123C16025001A43B5 /* Project object */ = {
			isa = PBXProject;
			attributes = {
				LastSwiftUpdateCheck = 1130;
				LastUpgradeCheck = 1130;
				ORGANIZATIONNAME = "BPS Consulting";
				TargetAttributes = {
					A063F01823C16025001A43B5 = {
						CreatedOnToolsVersion = 11.3;
					};
				};
			};
			buildConfigurationList = A063F01423C16025001A43B5 /* Build configuration list for PBXProject "Snake" */;
			compatibilityVersion = "Xcode 9.3";
			developmentRegion = en;
			hasScannedForEncodings = 0;
			knownRegions = (
				en,
				Base,
			);
			mainGroup = A063F01023C16025001A43B5;
			productRefGroup = A063F01A23C16025001A43B5 /* Products */;
			projectDirPath = "";
			projectRoot = "";
			targets = (
				A063F01823C16025001A43B5 /* Snake */,
			);
		};
/* End PBXProject section */

/* Begin PBXResourcesBuildPhase section */
		A063F01723C16025001A43B5 /* Resources */ = {
			isa = PBXResourcesBuildPhase;
			buildActionMask = 2147483647;
			files = (
				A063F02823C16025001A43B5 /* Main.storyboard in Resources */,
				A063F01F23C16025001A43B5 /* GameScene.sks in Resources */,
				A063F02A23C16026001A43B5 /* Assets.xcassets in Resources */,
				A063F02D23C16026001A43B5 /* LaunchScreen.storyboard in Resources */,
				A063F02123C16025001A43B5 /* Actions.sks in Resources */,
			);
			runOnlyForDeploymentPostprocessing = 0;
		};
/* End PBXResourcesBuildPhase section */

/* Begin PBXSourcesBuildPhase section */
		A063F01523C16025001A43B5 /* Sources */ = {
			isa = PBXSourcesBuildPhase;
			buildActionMask = 2147483647;
			files = (
				A063F02323C16025001A43B5 /* GameScene.swift in Sources */,
				A063F02523C16025001A43B5 /* GameViewController.swift in Sources */,
				A063F01D23C16025001A43B5 /* AppDelegate.swift in Sources */,
			);
			runOnlyForDeploymentPostprocessing = 0;
		};
/* End PBXSourcesBuildPhase section */

/* Begin PBXVariantGroup section */
		A063F02623C16025001A43B5 /* Main.storyboard */ = {
			isa = PBXVariantGroup;
			children = (
				A063F02723C16025001A43B5 /* Base */,
			);
			name = Main.storyboard;
			sourceTree = "<group>";
		};
		A063F02B23C16026001A43B5 /* LaunchScreen.storyboard */ = {
			isa = PBXVariantGroup;
			children = (
				A063F02C23C16026001A43B5 /* Base */,
			);
			name = LaunchScreen.storyboard;
			sourceTree = "<group>";
		};
/* End PBXVariantGroup section */

/* Begin XCBuildConfiguration section */
		A063F02F23C16026001A43B5 /* Debug */ = {
			isa = XCBuildConfiguration;
			buildSettings = {
				ALWAYS_SEARCH_USER_PATHS = NO;
				CLANG_ANALYZER_NONNULL = YES;
				CLANG_ANALYZER_NUMBER_OBJECT_CONVERSION = YES_AGGRESSIVE;
				CLANG_CXX_LANGUAGE_STANDARD = "gnu++14";
				CLANG_CXX_LIBRARY = "libc++";
				CLANG_ENABLE_MODULES = YES;
				CLANG_ENABLE_OBJC_ARC = YES;
				CLANG_ENABLE_OBJC_WEAK = YES;
				CLANG_WARN_BLOCK_CAPTURE_AUTORELEASING = YES;
				CLANG_WARN_BOOL_CONVERSION = YES;
				CLANG_WARN_COMMA = YES;
				CLANG_WARN_CONSTANT_CONVERSION = YES;
				CLANG_WARN_DEPRECATED_OBJC_IMPLEMENTATIONS = YES;
				CLANG_WARN_DIRECT_OBJC_ISA_USAGE = YES_ERROR;
				CLANG_WARN_DOCUMENTATION_COMMENTS = YES;
				CLANG_WARN_EMPTY_BODY = YES;
				CLANG_WARN_ENUM_CONVERSION = YES;
				CLANG_WARN_INFINITE_RECURSION = YES;
				CLANG_WARN_INT_CONVERSION = YES;
				CLANG_WARN_NON_LITERAL_NULL_CONVERSION = YES;
				CLANG_WARN_OBJC_IMPLICIT_RETAIN_SELF = YES;
				CLANG_WARN_OBJC_LITERAL_CONVERSION = YES;
				CLANG_WARN_OBJC_ROOT_CLASS = YES_ERROR;
				CLANG_WARN_RANGE_LOOP_ANALYSIS = YES;
				CLANG_WARN_STRICT_PROTOTYPES = YES;
				CLANG_WARN_SUSPICIOUS_MOVE = YES;
				CLANG_WARN_UNGUARDED_AVAILABILITY = YES_AGGRESSIVE;
				CLANG_WARN_UNREACHABLE_CODE = YES;
				CLANG_WARN__DUPLICATE_METHOD_MATCH = YES;
				COPY_PHASE_STRIP = NO;
				DEBUG_INFORMATION_FORMAT = dwarf;
				ENABLE_STRICT_OBJC_MSGSEND = YES;
				ENABLE_TESTABILITY = YES;
				GCC_C_LANGUAGE_STANDARD = gnu11;
				GCC_DYNAMIC_NO_PIC = NO;
				GCC_NO_COMMON_BLOCKS = YES;
				GCC_OPTIMIZATION_LEVEL = 0;
				GCC_PREPROCESSOR_DEFINITIONS = (
					"DEBUG=1",
					"$(inherited)",
				);
				GCC_WARN_64_TO_32_BIT_CONVERSION = YES;
				GCC_WARN_ABOUT_RETURN_TYPE = YES_ERROR;
				GCC_WARN_UNDECLARED_SELECTOR = YES;
				GCC_WARN_UNINITIALIZED_AUTOS = YES_AGGRESSIVE;
				GCC_WARN_UNUSED_FUNCTION = YES;
				GCC_WARN_UNUSED_VARIABLE = YES;
				IPHONEOS_DEPLOYMENT_TARGET = 13.2;
				MTL_ENABLE_DEBUG_INFO = INCLUDE_SOURCE;
				MTL_FAST_MATH = YES;
				ONLY_ACTIVE_ARCH = YES;
				SDKROOT = iphoneos;
				SWIFT_ACTIVE_COMPILATION_CONDITIONS = DEBUG;
				SWIFT_OPTIMIZATION_LEVEL = "-Onone";
			};
			name = Debug;
		};
		A063F03023C16026001A43B5 /* Release */ = {
			isa = XCBuildConfiguration;
			buildSettings = {
				ALWAYS_SEARCH_USER_PATHS = NO;
				CLANG_ANALYZER_NONNULL = YES;
				CLANG_ANALYZER_NUMBER_OBJECT_CONVERSION = YES_AGGRESSIVE;
				CLANG_CXX_LANGUAGE_STANDARD = "gnu++14";
				CLANG_CXX_LIBRARY = "libc++";
				CLANG_ENABLE_MODULES = YES;
				CLANG_ENABLE_OBJC_ARC = YES;
				CLANG_ENABLE_OBJC_WEAK = YES;
				CLANG_WARN_BLOCK_CAPTURE_AUTORELEASING = YES;
				CLANG_WARN_BOOL_CONVERSION = YES;
				CLANG_WARN_COMMA = YES;
				CLANG_WARN_CONSTANT_CONVERSION = YES;
				CLANG_WARN_DEPRECATED_OBJC_IMPLEMENTATIONS = YES;
				CLANG_WARN_DIRECT_OBJC_ISA_USAGE = YES_ERROR;
				CLANG_WARN_DOCUMENTATION_COMMENTS = YES;
				CLANG_WARN_EMPTY_BODY = YES;
				CLANG_WARN_ENUM_CONVERSION = YES;
				CLANG_WARN_INFINITE_RECURSION = YES;
				CLANG_WARN_INT_CONVERSION = YES;
				CLANG_WARN_NON_LITERAL_NULL_CONVERSION = YES;
				CLANG_WARN_OBJC_IMPLICIT_RETAIN_SELF = YES;
				CLANG_WARN_OBJC_LITERAL_CONVERSION = YES;
				CLANG_WARN_OBJC_ROOT_CLASS = YES_ERROR;
				CLANG_WARN_RANGE_LOOP_ANALYSIS = YES;
				CLANG_WARN_STRICT_PROTOTYPES = YES;
				CLANG_WARN_SUSPICIOUS_MOVE = YES;
				CLANG_WARN_UNGUARDED_AVAILABILITY = YES_AGGRESSIVE;
				CLANG_WARN_UNREACHABLE_CODE = YES;
				CLANG_WARN__DUPLICATE_METHOD_MATCH = YES;
				COPY_PHASE_STRIP = NO;
				DEBUG_INFORMATION_FORMAT = "dwarf-with-dsym";
				ENABLE_NS_ASSERTIONS = NO;
				ENABLE_STRICT_OBJC_MSGSEND = YES;
				GCC_C_LANGUAGE_STANDARD = gnu11;
				GCC_NO_COMMON_BLOCKS = YES;
				GCC_WARN_64_TO_32_BIT_CONVERSION = YES;
				GCC_WARN_ABOUT_RETURN_TYPE = YES_ERROR;
				GCC_WARN_UNDECLARED_SELECTOR = YES;
				GCC_WARN_UNINITIALIZED_AUTOS = YES_AGGRESSIVE;
				GCC_WARN_UNUSED_FUNCTION = YES;
				GCC_WARN_UNUSED_VARIABLE = YES;
				IPHONEOS_DEPLOYMENT_TARGET = 13.2;
				MTL_ENABLE_DEBUG_INFO = NO;
				MTL_FAST_MATH = YES;
				SDKROOT = iphoneos;
				SWIFT_COMPILATION_MODE = wholemodule;
				SWIFT_OPTIMIZATION_LEVEL = "-O";
				VALIDATE_PRODUCT = YES;
			};
			name = Release;
		};
		A063F03223C16026001A43B5 /* Debug */ = {
			isa = XCBuildConfiguration;
			buildSettings = {
				ASSETCATALOG_COMPILER_APPICON_NAME = AppIcon;
				CODE_SIGN_STYLE = Automatic;
				DEVELOPMENT_TEAM = E34J392S7M;
				INFOPLIST_FILE = Snake/Info.plist;
				LD_RUNPATH_SEARCH_PATHS = (
					"$(inherited)",
					"@executable_path/Frameworks",
				);
				PRODUCT_BUNDLE_IDENTIFIER = BlewPenguinSoftware.Snake;
				PRODUCT_NAME = "$(TARGET_NAME)";
				SWIFT_VERSION = 5.0;
				TARGETED_DEVICE_FAMILY = "1,2";
			};
			name = Debug;
		};
		A063F03323C16026001A43B5 /* Release */ = {
			isa = XCBuildConfiguration;
			buildSettings = {
				ASSETCATALOG_COMPILER_APPICON_NAME = AppIcon;
				CODE_SIGN_STYLE = Automatic;
				DEVELOPMENT_TEAM = E34J392S7M;
				INFOPLIST_FILE = Snake/Info.plist;
				LD_RUNPATH_SEARCH_PATHS = (
					"$(inherited)",
					"@executable_path/Frameworks",
				);
				PRODUCT_BUNDLE_IDENTIFIER = BlewPenguinSoftware.Snake;
				PRODUCT_NAME = "$(TARGET_NAME)";
				SWIFT_VERSION = 5.0;
				TARGETED_DEVICE_FAMILY = "1,2";
			};
			name = Release;
		};
/* End XCBuildConfiguration section */

/* Begin XCConfigurationList section */
		A063F01423C16025001A43B5 /* Build configuration list for PBXProject "Snake" */ = {
			isa = XCConfigurationList;
			buildConfigurations = (
				A063F02F23C16026001A43B5 /* Debug */,
				A063F03023C16026001A43B5 /* Release */,
			);
			defaultConfigurationIsVisible = 0;
			defaultConfigurationName = Release;
		};
		A063F03123C16026001A43B5 /* Build configuration list for PBXNativeTarget "Snake" */ = {
			isa = XCConfigurationList;
			buildConfigurations = (
				A063F03223C16026001A43B5 /* Debug */,
				A063F03323C16026001A43B5 /* Release */,
			);
			defaultConfigurationIsVisible = 0;
			defaultConfigurationName = Release;
		};
/* End XCConfigurationList section */
	};
	rootObject = A063F01123C16025001A43B5 /* Project object */;
}
